{
  "version": 4,
  "terraform_version": "1.9.8",
  "serial": 329,
  "lineage": "ec9b58a5-9372-e59f-4bc7-d0feed1842cf",
  "outputs": {
    "NTI_private_key": {
      "value": "-----BEGIN RSA PRIVATE KEY-----\nMIIEowIBAAKCAQEA1MQuiYG36zyO5ig+HURF56dWtp0LJSb9bNGnL/tC4zQs1Pqc\n78ANNzqywpiINvPO2wN8z3Aakf+dBtfNfwWXQQai3XtgGY9TQZKyyFoQIeOeG0A0\ns/8IrNV8BzN542Lwu/JBwOd3XvA3aO9rLtinova78/VDTlrW0SOwRTTSyu7Psza5\n1ZkpITzK7Oc6eZWYczOv+C6OJB0rrfoXGycbSyg6qT4sg9HOaN4oNy+BaA4xEhb0\nw1ysBB3XSRx840EeFdHdlVK+suidpccblQl75aRJiPQmWtHzN3Js79xikgGSXqoi\nTmQEL+AZQpf+aZlvDlluHqWl71/m6f+6/hAcNwIDAQABAoIBAQDM2sbj5l2qxHfh\n6kVD8IRN8rRuxu4AK3Y92+5ZKFbSY133AgUwYX1X+9A5xJsCLeSwwr7dC1bJ047h\nE87ryfpDxZvyG+P/OBw1OoWgmfaGap3EJyGXXKqBnlr4o/trj8uxaiMdFL++TRNM\nmZhdVoSxR1bYIQFY4+WJIA+L0rxSXbH8r0hM9je+CsFESPOHgqoZhtYzGDEx4dpi\ngcPfu1092f33TAeco6YMoc3C0v4mCJqY8mmukQbDmodDWFOdDpSiw16i+t0tWFQC\nSwrFI7KZFodH7bLG3WNA6n6cBZB31w9OJ9+Q0cZBuiXesbmir1IFOufvLHko9X9M\nyizePHihAoGBAP0syk928zQO5bwx/jtX8cuitDWzFtKPoeu2pIgg2Wgmo5HgpqQn\nf3ZidDmC+K8yuMj5DUU8MVWqBhI+1Ux6dlyy9AJgg+olhoTtcrorsxb/ZKI1jJvj\neiNiw1j2GzHX/JdYrdlMzd6vAxNXHrWyPd8Ld1CKCBW1qjE7f/WJDQmNAoGBANcj\n9jixtdNdVjNDgp0UJTJ/56XJPtuXACyORa17D6vusT0rSKbZyPHmWPKxjLaNIh94\nZAR2ZQHIv22L2IRWBfccwr/eUlv50GDDPSMs8TqCFWTUMANhWmZWjRkcF8QOjdpN\naL9fN8RY2/QlgeqGq04bNKGa1EiWmwNjpgwEAnHTAoGAdHbaSlvp3RTNUhmdXidC\nr+6U/+72nL4+OnS2k3ipCmRb8otpnTIeTJNV6+73/4BRyQHovOTHvSSNzm7hKGFd\neZ9I6J8Fj/zbOOMSV9oqdHXgEU6Y9E1crlKMkqwELpWxON4uezv9qGbR/1+gXO01\n0RkxNfeJaJM9S5CXeJgnSzECgYBtJciIMNifeC4AahK84HiSq0N536StQWmMMU32\nWoWz47A16Vy9kaYZ25Rq5FsQTn/uWWTcwrgx9Ifx6s4ZLY9vND81mnRMR2xJeyPs\nUaO83DxAYEpPnLeBTg3dnFwOUpfzFey7knI3giFtNw43TsVgJftItcVXYlkYmhim\n5e3bkwKBgFVoqnzHz1KSXv6qMsTYBC0M78rpP9DivmJvpws7Dumni+yeejlSIexm\n/yKhSfTBt9xq8lM5H+FX+SEbPEQ77LzaRynCetll7Zgseh5pSQoKmvfhwKJeKJJe\nRZETusRR6w+aSvEZae5/vUyNhPlL2wbQ3hjcq06DRXAENkM3i7dR\n-----END RSA PRIVATE KEY-----\n",
      "type": "string",
      "sensitive": true
    },
    "autoscaling_group_name": {
      "value": "terraform-20241105233225597200000003",
      "type": "string"
    },
    "efs_id": {
      "value": "fs-079dfbf46edb62679",
      "type": "string"
    },
    "load_balancer_dns": {
      "value": "public-alb-308457119.eu-central-1.elb.amazonaws.com",
      "type": "string"
    }
  },
  "resources": [
    {
      "mode": "managed",
      "type": "aws_autoscaling_group",
      "name": "asg",
      "provider": "provider[\"registry.terraform.io/hashicorp/aws\"]",
      "instances": [
        {
          "schema_version": 1,
          "attributes": {
            "arn": "arn:aws:autoscaling:eu-central-1:060795902685:autoScalingGroup:0e432a9f-bbb6-4b06-8fed-3283a256dc19:autoScalingGroupName/terraform-20241105233225597200000003",
            "availability_zones": [
              "eu-central-1a",
              "eu-central-1b"
            ],
            "capacity_rebalance": false,
            "context": "",
            "default_cooldown": 300,
            "default_instance_warmup": 0,
            "desired_capacity": 2,
            "desired_capacity_type": "",
            "enabled_metrics": [],
            "force_delete": false,
            "force_delete_warm_pool": false,
            "health_check_grace_period": 300,
            "health_check_type": "EC2",
            "id": "terraform-20241105233225597200000003",
            "ignore_failed_scaling_activities": false,
            "initial_lifecycle_hook": [],
            "instance_maintenance_policy": [],
            "instance_refresh": [],
            "launch_configuration": "",
            "launch_template": [
              {
                "id": "lt-06f182330102346e3",
                "name": "asg-lt-20241105233224882200000001",
                "version": "$Latest"
              }
            ],
            "load_balancers": [],
            "max_instance_lifetime": 0,
            "max_size": 3,
            "metrics_granularity": "1Minute",
            "min_elb_capacity": null,
            "min_size": 1,
            "mixed_instances_policy": [],
            "name": "terraform-20241105233225597200000003",
            "name_prefix": "terraform-",
            "placement_group": "",
            "predicted_capacity": 0,
            "protect_from_scale_in": false,
            "service_linked_role_arn": "arn:aws:iam::060795902685:role/aws-service-role/autoscaling.amazonaws.com/AWSServiceRoleForAutoScaling",
            "suspended_processes": [],
            "tag": [
              {
                "key": "Name",
                "propagate_at_launch": true,
                "value": "asg-instance"
              }
            ],
            "target_group_arns": [
              "arn:aws:elasticloadbalancing:eu-central-1:060795902685:targetgroup/asg-target-group/37d3dab7451fa625"
            ],
            "termination_policies": [],
            "timeouts": null,
            "traffic_source": [
              {
                "identifier": "arn:aws:elasticloadbalancing:eu-central-1:060795902685:targetgroup/asg-target-group/37d3dab7451fa625",
                "type": "elbv2"
              }
            ],
            "vpc_zone_identifier": [
              "subnet-0085559365d9f5b47",
              "subnet-0f3b74fa775887c26"
            ],
            "wait_for_capacity_timeout": "10m",
            "wait_for_elb_capacity": null,
            "warm_pool": [],
            "warm_pool_size": 0
          },
          "sensitive_attributes": [],
          "private": "eyJlMmJmYjczMC1lY2FhLTExZTYtOGY4OC0zNDM2M2JjN2M0YzAiOnsiZGVsZXRlIjo2MDAwMDAwMDAwMDAsInVwZGF0ZSI6NjAwMDAwMDAwMDAwfSwic2NoZW1hX3ZlcnNpb24iOiIxIn0=",
          "dependencies": [
            "aws_key_pair.NTI_key",
            "aws_launch_template.asg_lt",
            "aws_lb_target_group.asg_tg",
            "aws_security_group.private_sg",
            "aws_subnet.private_1",
            "aws_subnet.private_2",
            "aws_vpc.main",
            "tls_private_key.key"
          ]
        }
      ]
    },
    {
      "mode": "managed",
      "type": "aws_efs_file_system",
      "name": "example",
      "provider": "provider[\"registry.terraform.io/hashicorp/aws\"]",
      "instances": [
        {
          "schema_version": 0,
          "attributes": {
            "arn": "arn:aws:elasticfilesystem:eu-central-1:060795902685:file-system/fs-079dfbf46edb62679",
            "availability_zone_id": "",
            "availability_zone_name": "",
            "creation_token": "example-efs",
            "dns_name": "fs-079dfbf46edb62679.efs.eu-central-1.amazonaws.com",
            "encrypted": true,
            "id": "fs-079dfbf46edb62679",
            "kms_key_id": "arn:aws:kms:eu-central-1:060795902685:key/d394ddbd-ebe5-474b-a6a4-1dbde9806f1e",
            "lifecycle_policy": [],
            "name": "example-efs",
            "number_of_mount_targets": 2,
            "owner_id": "060795902685",
            "performance_mode": "generalPurpose",
            "protection": [
              {
                "replication_overwrite": "ENABLED"
              }
            ],
            "provisioned_throughput_in_mibps": 0,
            "size_in_bytes": [
              {
                "value": 6144,
                "value_in_ia": 0,
                "value_in_standard": 6144
              }
            ],
            "tags": {
              "Name": "example-efs"
            },
            "tags_all": {
              "Name": "example-efs"
            },
            "throughput_mode": "bursting"
          },
          "sensitive_attributes": [],
          "private": "bnVsbA=="
        }
      ]
    },
    {
      "mode": "managed",
      "type": "aws_efs_mount_target",
      "name": "private_1",
      "provider": "provider[\"registry.terraform.io/hashicorp/aws\"]",
      "instances": [
        {
          "schema_version": 0,
          "attributes": {
            "availability_zone_id": "euc1-az2",
            "availability_zone_name": "eu-central-1a",
            "dns_name": "fs-079dfbf46edb62679.efs.eu-central-1.amazonaws.com",
            "file_system_arn": "arn:aws:elasticfilesystem:eu-central-1:060795902685:file-system/fs-079dfbf46edb62679",
            "file_system_id": "fs-079dfbf46edb62679",
            "id": "fsmt-06c2870925f388afc",
            "ip_address": "10.0.2.240",
            "mount_target_dns_name": "eu-central-1a.fs-079dfbf46edb62679.efs.eu-central-1.amazonaws.com",
            "network_interface_id": "eni-087ccff0171b41a8e",
            "owner_id": "060795902685",
            "security_groups": [
              "sg-07015b9f2f9aade70"
            ],
            "subnet_id": "subnet-0085559365d9f5b47",
            "timeouts": null
          },
          "sensitive_attributes": [],
          "private": "eyJlMmJmYjczMC1lY2FhLTExZTYtOGY4OC0zNDM2M2JjN2M0YzAiOnsiY3JlYXRlIjoxODAwMDAwMDAwMDAwLCJkZWxldGUiOjYwMDAwMDAwMDAwMH19",
          "dependencies": [
            "aws_efs_file_system.example",
            "aws_security_group.efs_sg",
            "aws_subnet.private_1",
            "aws_vpc.main"
          ]
        }
      ]
    },
    {
      "mode": "managed",
      "type": "aws_efs_mount_target",
      "name": "private_2",
      "provider": "provider[\"registry.terraform.io/hashicorp/aws\"]",
      "instances": [
        {
          "schema_version": 0,
          "attributes": {
            "availability_zone_id": "euc1-az3",
            "availability_zone_name": "eu-central-1b",
            "dns_name": "fs-079dfbf46edb62679.efs.eu-central-1.amazonaws.com",
            "file_system_arn": "arn:aws:elasticfilesystem:eu-central-1:060795902685:file-system/fs-079dfbf46edb62679",
            "file_system_id": "fs-079dfbf46edb62679",
            "id": "fsmt-027dbcdb0e443092e",
            "ip_address": "10.0.3.114",
            "mount_target_dns_name": "eu-central-1b.fs-079dfbf46edb62679.efs.eu-central-1.amazonaws.com",
            "network_interface_id": "eni-0af49ef4960988ec8",
            "owner_id": "060795902685",
            "security_groups": [
              "sg-07015b9f2f9aade70"
            ],
            "subnet_id": "subnet-0f3b74fa775887c26",
            "timeouts": null
          },
          "sensitive_attributes": [],
          "private": "eyJlMmJmYjczMC1lY2FhLTExZTYtOGY4OC0zNDM2M2JjN2M0YzAiOnsiY3JlYXRlIjoxODAwMDAwMDAwMDAwLCJkZWxldGUiOjYwMDAwMDAwMDAwMH19",
          "dependencies": [
            "aws_efs_file_system.example",
            "aws_security_group.efs_sg",
            "aws_subnet.private_2",
            "aws_vpc.main"
          ]
        }
      ]
    },
    {
      "mode": "managed",
      "type": "aws_eip",
      "name": "nat",
      "provider": "provider[\"registry.terraform.io/hashicorp/aws\"]",
      "instances": [
        {
          "schema_version": 0,
          "attributes": {
            "address": null,
            "allocation_id": "eipalloc-06f91921955c6df66",
            "arn": "arn:aws:ec2:eu-central-1:060795902685:elastic-ip/eipalloc-06f91921955c6df66",
            "associate_with_private_ip": null,
            "association_id": "eipassoc-0826db0a300f110d6",
            "carrier_ip": "",
            "customer_owned_ip": "",
            "customer_owned_ipv4_pool": "",
            "domain": "vpc",
            "id": "eipalloc-06f91921955c6df66",
            "instance": "",
            "ipam_pool_id": null,
            "network_border_group": "eu-central-1",
            "network_interface": "eni-0f462f65933762cdd",
            "private_dns": "ip-10-0-1-28.eu-central-1.compute.internal",
            "private_ip": "10.0.1.28",
            "ptr_record": "",
            "public_dns": "ec2-18-157-72-168.eu-central-1.compute.amazonaws.com",
            "public_ip": "18.157.72.168",
            "public_ipv4_pool": "amazon",
            "tags": {},
            "tags_all": {},
            "timeouts": null,
            "vpc": true
          },
          "sensitive_attributes": [],
          "private": "eyJlMmJmYjczMC1lY2FhLTExZTYtOGY4OC0zNDM2M2JjN2M0YzAiOnsiZGVsZXRlIjoxODAwMDAwMDAwMDAsInJlYWQiOjkwMDAwMDAwMDAwMCwidXBkYXRlIjozMDAwMDAwMDAwMDB9fQ=="
        }
      ]
    },
    {
      "mode": "managed",
      "type": "aws_instance",
      "name": "public_instance",
      "provider": "provider[\"registry.terraform.io/hashicorp/aws\"]",
      "instances": [
        {
          "schema_version": 1,
          "attributes": {
            "ami": "ami-08ec94f928cf25a9d",
            "arn": "arn:aws:ec2:eu-central-1:060795902685:instance/i-0c8eb699ae33d5402",
            "associate_public_ip_address": true,
            "availability_zone": "eu-central-1a",
            "capacity_reservation_specification": [
              {
                "capacity_reservation_preference": "open",
                "capacity_reservation_target": []
              }
            ],
            "cpu_core_count": 1,
            "cpu_options": [
              {
                "amd_sev_snp": "",
                "core_count": 1,
                "threads_per_core": 1
              }
            ],
            "cpu_threads_per_core": 1,
            "credit_specification": [
              {
                "cpu_credits": "standard"
              }
            ],
            "disable_api_stop": false,
            "disable_api_termination": false,
            "ebs_block_device": [],
            "ebs_optimized": false,
            "enclave_options": [
              {
                "enabled": false
              }
            ],
            "ephemeral_block_device": [],
            "get_password_data": false,
            "hibernation": false,
            "host_id": "",
            "host_resource_group_arn": null,
            "iam_instance_profile": "",
            "id": "i-0c8eb699ae33d5402",
            "instance_initiated_shutdown_behavior": "stop",
            "instance_lifecycle": "",
            "instance_market_options": [],
            "instance_state": "running",
            "instance_type": "t2.micro",
            "ipv6_address_count": 0,
            "ipv6_addresses": [],
            "key_name": "NTI",
            "launch_template": [],
            "maintenance_options": [
              {
                "auto_recovery": "default"
              }
            ],
            "metadata_options": [
              {
                "http_endpoint": "enabled",
                "http_protocol_ipv6": "disabled",
                "http_put_response_hop_limit": 2,
                "http_tokens": "required",
                "instance_metadata_tags": "disabled"
              }
            ],
            "monitoring": false,
            "network_interface": [],
            "outpost_arn": "",
            "password_data": "",
            "placement_group": "",
            "placement_partition_number": 0,
            "primary_network_interface_id": "eni-01d59742b3bb310ec",
            "private_dns": "ip-10-0-1-51.eu-central-1.compute.internal",
            "private_dns_name_options": [
              {
                "enable_resource_name_dns_a_record": false,
                "enable_resource_name_dns_aaaa_record": false,
                "hostname_type": "ip-name"
              }
            ],
            "private_ip": "10.0.1.51",
            "public_dns": "",
            "public_ip": "18.197.44.64",
            "root_block_device": [
              {
                "delete_on_termination": true,
                "device_name": "/dev/xvda",
                "encrypted": false,
                "iops": 3000,
                "kms_key_id": "",
                "tags": {},
                "tags_all": {},
                "throughput": 125,
                "volume_id": "vol-031845dbf87210b75",
                "volume_size": 8,
                "volume_type": "gp3"
              }
            ],
            "secondary_private_ips": [],
            "security_groups": [
              "sg-08194f9ba71424348"
            ],
            "source_dest_check": true,
            "spot_instance_request_id": "",
            "subnet_id": "subnet-0d3571953b377cba1",
            "tags": {
              "Name": "public-ec2-instance"
            },
            "tags_all": {
              "Name": "public-ec2-instance"
            },
            "tenancy": "default",
            "timeouts": null,
            "user_data": null,
            "user_data_base64": null,
            "user_data_replace_on_change": false,
            "volume_tags": null,
            "vpc_security_group_ids": [
              "sg-08194f9ba71424348"
            ]
          },
          "sensitive_attributes": [],
          "private": "eyJlMmJmYjczMC1lY2FhLTExZTYtOGY4OC0zNDM2M2JjN2M0YzAiOnsiY3JlYXRlIjo2MDAwMDAwMDAwMDAsImRlbGV0ZSI6MTIwMDAwMDAwMDAwMCwicmVhZCI6OTAwMDAwMDAwMDAwLCJ1cGRhdGUiOjYwMDAwMDAwMDAwMH0sInNjaGVtYV92ZXJzaW9uIjoiMSJ9",
          "dependencies": [
            "aws_key_pair.NTI_key",
            "aws_security_group.public_sg",
            "aws_subnet.public",
            "aws_vpc.main",
            "tls_private_key.key"
          ]
        }
      ]
    },
    {
      "mode": "managed",
      "type": "aws_internet_gateway",
      "name": "main",
      "provider": "provider[\"registry.terraform.io/hashicorp/aws\"]",
      "instances": [
        {
          "schema_version": 0,
          "attributes": {
            "arn": "arn:aws:ec2:eu-central-1:060795902685:internet-gateway/igw-0a4c05cf73f17674c",
            "id": "igw-0a4c05cf73f17674c",
            "owner_id": "060795902685",
            "tags": {
              "Name": "main-igw"
            },
            "tags_all": {
              "Name": "main-igw"
            },
            "timeouts": null,
            "vpc_id": "vpc-0ca5cade07eb57388"
          },
          "sensitive_attributes": [],
          "private": "eyJlMmJmYjczMC1lY2FhLTExZTYtOGY4OC0zNDM2M2JjN2M0YzAiOnsiY3JlYXRlIjoxMjAwMDAwMDAwMDAwLCJkZWxldGUiOjEyMDAwMDAwMDAwMDAsInVwZGF0ZSI6MTIwMDAwMDAwMDAwMH19",
          "dependencies": [
            "aws_vpc.main"
          ]
        }
      ]
    },
    {
      "mode": "managed",
      "type": "aws_key_pair",
      "name": "NTI_key",
      "provider": "provider[\"registry.terraform.io/hashicorp/aws\"]",
      "instances": [
        {
          "schema_version": 1,
          "attributes": {
            "arn": "arn:aws:ec2:eu-central-1:060795902685:key-pair/NTI",
            "fingerprint": "f5:b7:45:5f:ff:40:08:c9:f4:15:86:75:6a:da:4a:04",
            "id": "NTI",
            "key_name": "NTI",
            "key_name_prefix": "",
            "key_pair_id": "key-0028019faacce6246",
            "key_type": "rsa",
            "public_key": "ssh-rsa AAAAB3NzaC1yc2EAAAADAQABAAABAQDUxC6JgbfrPI7mKD4dREXnp1a2nQslJv1s0acv+0LjNCzU+pzvwA03OrLCmIg2887bA3zPcBqR/50G181/BZdBBqLde2AZj1NBkrLIWhAh454bQDSz/wis1XwHM3njYvC78kHA53de8Ddo72su2Kei9rvz9UNOWtbRI7BFNNLK7s+zNrnVmSkhPMrs5zp5lZhzM6/4Lo4kHSut+hcbJxtLKDqpPiyD0c5o3ig3L4FoDjESFvTDXKwEHddJHHzjQR4V0d2VUr6y6J2lxxuVCXvlpEmI9CZa0fM3cmzv3GKSAZJeqiJOZAQv4BlCl/5pmW8OWW4epaXvX+bp/7r+EBw3",
            "tags": {},
            "tags_all": {}
          },
          "sensitive_attributes": [],
          "private": "eyJzY2hlbWFfdmVyc2lvbiI6IjEifQ==",
          "dependencies": [
            "tls_private_key.key"
          ]
        }
      ]
    },
    {
      "mode": "managed",
      "type": "aws_launch_template",
      "name": "asg_lt",
      "provider": "provider[\"registry.terraform.io/hashicorp/aws\"]",
      "instances": [
        {
          "schema_version": 0,
          "attributes": {
            "arn": "arn:aws:ec2:eu-central-1:060795902685:launch-template/lt-06f182330102346e3",
            "block_device_mappings": [],
            "capacity_reservation_specification": [],
            "cpu_options": [],
            "credit_specification": [],
            "default_version": 1,
            "description": "",
            "disable_api_stop": false,
            "disable_api_termination": false,
            "ebs_optimized": "",
            "elastic_gpu_specifications": [],
            "elastic_inference_accelerator": [],
            "enclave_options": [],
            "hibernation_options": [],
            "iam_instance_profile": [],
            "id": "lt-06f182330102346e3",
            "image_id": "ami-08ec94f928cf25a9d",
            "instance_initiated_shutdown_behavior": "",
            "instance_market_options": [],
            "instance_requirements": [],
            "instance_type": "t2.micro",
            "kernel_id": "",
            "key_name": "NTI",
            "latest_version": 1,
            "license_specification": [],
            "maintenance_options": [],
            "metadata_options": [],
            "monitoring": [],
            "name": "asg-lt-20241105233224882200000001",
            "name_prefix": "asg-lt-",
            "network_interfaces": [],
            "placement": [],
            "private_dns_name_options": [],
            "ram_disk_id": "",
            "security_group_names": [],
            "tag_specifications": [
              {
                "resource_type": "instance",
                "tags": {
                  "Name": "asg-instance"
                }
              }
            ],
            "tags": {},
            "tags_all": {},
            "update_default_version": null,
            "user_data": "IyEvYmluL2Jhc2gKZG5mIHVwZGF0ZQpkbmYgaW5zdGFsbCBuZ2lueApzeXN0ZW1jdGwgc3RhcnQgbmdpbngKc3lzdGVtY3RsIGVuYWJsZSBuZ2lueAo=",
            "vpc_security_group_ids": [
              "sg-00e4d52b904b3cb96"
            ]
          },
          "sensitive_attributes": [],
          "private": "bnVsbA==",
          "dependencies": [
            "aws_key_pair.NTI_key",
            "aws_security_group.private_sg",
            "aws_vpc.main",
            "tls_private_key.key"
          ]
        }
      ]
    },
    {
      "mode": "managed",
      "type": "aws_lb",
      "name": "public_lb",
      "provider": "provider[\"registry.terraform.io/hashicorp/aws\"]",
      "instances": [
        {
          "schema_version": 0,
          "attributes": {
            "access_logs": [
              {
                "bucket": "",
                "enabled": false,
                "prefix": ""
              }
            ],
            "arn": "arn:aws:elasticloadbalancing:eu-central-1:060795902685:loadbalancer/app/public-alb/8daff06d324e30f1",
            "arn_suffix": "app/public-alb/8daff06d324e30f1",
            "client_keep_alive": 3600,
            "connection_logs": [
              {
                "bucket": "",
                "enabled": false,
                "prefix": ""
              }
            ],
            "customer_owned_ipv4_pool": "",
            "desync_mitigation_mode": "defensive",
            "dns_name": "public-alb-308457119.eu-central-1.elb.amazonaws.com",
            "dns_record_client_routing_policy": null,
            "drop_invalid_header_fields": false,
            "enable_cross_zone_load_balancing": true,
            "enable_deletion_protection": false,
            "enable_http2": true,
            "enable_tls_version_and_cipher_suite_headers": false,
            "enable_waf_fail_open": false,
            "enable_xff_client_port": false,
            "enable_zonal_shift": null,
            "enforce_security_group_inbound_rules_on_private_link_traffic": "",
            "id": "arn:aws:elasticloadbalancing:eu-central-1:060795902685:loadbalancer/app/public-alb/8daff06d324e30f1",
            "idle_timeout": 60,
            "internal": false,
            "ip_address_type": "ipv4",
            "load_balancer_type": "application",
            "name": "public-alb",
            "name_prefix": "",
            "preserve_host_header": false,
            "security_groups": [
              "sg-08194f9ba71424348"
            ],
            "subnet_mapping": [
              {
                "allocation_id": "",
                "ipv6_address": "",
                "outpost_id": "",
                "private_ipv4_address": "",
                "subnet_id": "subnet-00126255caaafbccc"
              },
              {
                "allocation_id": "",
                "ipv6_address": "",
                "outpost_id": "",
                "private_ipv4_address": "",
                "subnet_id": "subnet-0d3571953b377cba1"
              }
            ],
            "subnets": [
              "subnet-00126255caaafbccc",
              "subnet-0d3571953b377cba1"
            ],
            "tags": {
              "Name": "public-alb"
            },
            "tags_all": {
              "Name": "public-alb"
            },
            "timeouts": null,
            "vpc_id": "vpc-0ca5cade07eb57388",
            "xff_header_processing_mode": "append",
            "zone_id": "Z215JYRZR1TBD5"
          },
          "sensitive_attributes": [],
          "private": "eyJlMmJmYjczMC1lY2FhLTExZTYtOGY4OC0zNDM2M2JjN2M0YzAiOnsiY3JlYXRlIjo2MDAwMDAwMDAwMDAsImRlbGV0ZSI6NjAwMDAwMDAwMDAwLCJ1cGRhdGUiOjYwMDAwMDAwMDAwMH19",
          "dependencies": [
            "aws_security_group.public_sg",
            "aws_subnet.public",
            "aws_subnet.public2",
            "aws_vpc.main"
          ]
        }
      ]
    },
    {
      "mode": "managed",
      "type": "aws_lb_listener",
      "name": "http",
      "provider": "provider[\"registry.terraform.io/hashicorp/aws\"]",
      "instances": [
        {
          "schema_version": 0,
          "attributes": {
            "alpn_policy": null,
            "arn": "arn:aws:elasticloadbalancing:eu-central-1:060795902685:listener/app/public-alb/8daff06d324e30f1/5cca4025af251e48",
            "certificate_arn": null,
            "default_action": [
              {
                "authenticate_cognito": [],
                "authenticate_oidc": [],
                "fixed_response": [],
                "forward": [],
                "order": 1,
                "redirect": [],
                "target_group_arn": "arn:aws:elasticloadbalancing:eu-central-1:060795902685:targetgroup/asg-target-group/37d3dab7451fa625",
                "type": "forward"
              }
            ],
            "id": "arn:aws:elasticloadbalancing:eu-central-1:060795902685:listener/app/public-alb/8daff06d324e30f1/5cca4025af251e48",
            "load_balancer_arn": "arn:aws:elasticloadbalancing:eu-central-1:060795902685:loadbalancer/app/public-alb/8daff06d324e30f1",
            "mutual_authentication": [],
            "port": 80,
            "protocol": "HTTP",
            "ssl_policy": "",
            "tags": {},
            "tags_all": {},
            "tcp_idle_timeout_seconds": null,
            "timeouts": null
          },
          "sensitive_attributes": [],
          "private": "eyJlMmJmYjczMC1lY2FhLTExZTYtOGY4OC0zNDM2M2JjN2M0YzAiOnsiY3JlYXRlIjozMDAwMDAwMDAwMDAsInVwZGF0ZSI6MzAwMDAwMDAwMDAwfX0=",
          "dependencies": [
            "aws_lb.public_lb",
            "aws_lb_target_group.asg_tg",
            "aws_security_group.public_sg",
            "aws_subnet.public",
            "aws_subnet.public2",
            "aws_vpc.main"
          ]
        }
      ]
    },
    {
      "mode": "managed",
      "type": "aws_lb_target_group",
      "name": "asg_tg",
      "provider": "provider[\"registry.terraform.io/hashicorp/aws\"]",
      "instances": [
        {
          "schema_version": 0,
          "attributes": {
            "arn": "arn:aws:elasticloadbalancing:eu-central-1:060795902685:targetgroup/asg-target-group/37d3dab7451fa625",
            "arn_suffix": "targetgroup/asg-target-group/37d3dab7451fa625",
            "connection_termination": null,
            "deregistration_delay": "300",
            "health_check": [
              {
                "enabled": true,
                "healthy_threshold": 2,
                "interval": 30,
                "matcher": "200",
                "path": "/",
                "port": "traffic-port",
                "protocol": "HTTP",
                "timeout": 5,
                "unhealthy_threshold": 2
              }
            ],
            "id": "arn:aws:elasticloadbalancing:eu-central-1:060795902685:targetgroup/asg-target-group/37d3dab7451fa625",
            "ip_address_type": "ipv4",
            "lambda_multi_value_headers_enabled": false,
            "load_balancer_arns": [
              "arn:aws:elasticloadbalancing:eu-central-1:060795902685:loadbalancer/app/public-alb/8daff06d324e30f1"
            ],
            "load_balancing_algorithm_type": "round_robin",
            "load_balancing_anomaly_mitigation": "off",
            "load_balancing_cross_zone_enabled": "use_load_balancer_configuration",
            "name": "asg-target-group",
            "name_prefix": "",
            "port": 80,
            "preserve_client_ip": null,
            "protocol": "HTTP",
            "protocol_version": "HTTP1",
            "proxy_protocol_v2": false,
            "slow_start": 0,
            "stickiness": [
              {
                "cookie_duration": 86400,
                "cookie_name": "",
                "enabled": false,
                "type": "lb_cookie"
              }
            ],
            "tags": {
              "Name": "asg-target-group"
            },
            "tags_all": {
              "Name": "asg-target-group"
            },
            "target_failover": [
              {
                "on_deregistration": null,
                "on_unhealthy": null
              }
            ],
            "target_group_health": [
              {
                "dns_failover": [
                  {
                    "minimum_healthy_targets_count": "1",
                    "minimum_healthy_targets_percentage": "off"
                  }
                ],
                "unhealthy_state_routing": [
                  {
                    "minimum_healthy_targets_count": 1,
                    "minimum_healthy_targets_percentage": "off"
                  }
                ]
              }
            ],
            "target_health_state": [
              {
                "enable_unhealthy_connection_termination": null,
                "unhealthy_draining_interval": null
              }
            ],
            "target_type": "instance",
            "vpc_id": "vpc-0ca5cade07eb57388"
          },
          "sensitive_attributes": [],
          "private": "bnVsbA==",
          "dependencies": [
            "aws_vpc.main"
          ]
        }
      ]
    },
    {
      "mode": "managed",
      "type": "aws_nat_gateway",
      "name": "main",
      "provider": "provider[\"registry.terraform.io/hashicorp/aws\"]",
      "instances": [
        {
          "schema_version": 0,
          "attributes": {
            "allocation_id": "eipalloc-06f91921955c6df66",
            "association_id": "eipassoc-0826db0a300f110d6",
            "connectivity_type": "public",
            "id": "nat-06d7bb8f51fbcf8c6",
            "network_interface_id": "eni-0f462f65933762cdd",
            "private_ip": "10.0.1.28",
            "public_ip": "18.157.72.168",
            "secondary_allocation_ids": [],
            "secondary_private_ip_address_count": 0,
            "secondary_private_ip_addresses": [],
            "subnet_id": "subnet-0d3571953b377cba1",
            "tags": {
              "Name": "main-nat-gateway"
            },
            "tags_all": {
              "Name": "main-nat-gateway"
            },
            "timeouts": null
          },
          "sensitive_attributes": [],
          "private": "eyJlMmJmYjczMC1lY2FhLTExZTYtOGY4OC0zNDM2M2JjN2M0YzAiOnsiY3JlYXRlIjo2MDAwMDAwMDAwMDAsImRlbGV0ZSI6MTgwMDAwMDAwMDAwMCwidXBkYXRlIjo2MDAwMDAwMDAwMDB9fQ==",
          "dependencies": [
            "aws_eip.nat",
            "aws_subnet.public",
            "aws_vpc.main"
          ]
        }
      ]
    },
    {
      "mode": "managed",
      "type": "aws_route_table",
      "name": "private",
      "provider": "provider[\"registry.terraform.io/hashicorp/aws\"]",
      "instances": [
        {
          "schema_version": 0,
          "attributes": {
            "arn": "arn:aws:ec2:eu-central-1:060795902685:route-table/rtb-09e0291b022c73f96",
            "id": "rtb-09e0291b022c73f96",
            "owner_id": "060795902685",
            "propagating_vgws": [],
            "route": [
              {
                "carrier_gateway_id": "",
                "cidr_block": "0.0.0.0/0",
                "core_network_arn": "",
                "destination_prefix_list_id": "",
                "egress_only_gateway_id": "",
                "gateway_id": "",
                "ipv6_cidr_block": "",
                "local_gateway_id": "",
                "nat_gateway_id": "nat-06d7bb8f51fbcf8c6",
                "network_interface_id": "",
                "transit_gateway_id": "",
                "vpc_endpoint_id": "",
                "vpc_peering_connection_id": ""
              }
            ],
            "tags": {
              "Name": "private-route-table"
            },
            "tags_all": {
              "Name": "private-route-table"
            },
            "timeouts": null,
            "vpc_id": "vpc-0ca5cade07eb57388"
          },
          "sensitive_attributes": [],
          "private": "eyJlMmJmYjczMC1lY2FhLTExZTYtOGY4OC0zNDM2M2JjN2M0YzAiOnsiY3JlYXRlIjozMDAwMDAwMDAwMDAsImRlbGV0ZSI6MzAwMDAwMDAwMDAwLCJ1cGRhdGUiOjEyMDAwMDAwMDAwMH19",
          "dependencies": [
            "aws_eip.nat",
            "aws_nat_gateway.main",
            "aws_subnet.public",
            "aws_vpc.main"
          ]
        }
      ]
    },
    {
      "mode": "managed",
      "type": "aws_route_table",
      "name": "public",
      "provider": "provider[\"registry.terraform.io/hashicorp/aws\"]",
      "instances": [
        {
          "schema_version": 0,
          "attributes": {
            "arn": "arn:aws:ec2:eu-central-1:060795902685:route-table/rtb-083ec79575ea35bc9",
            "id": "rtb-083ec79575ea35bc9",
            "owner_id": "060795902685",
            "propagating_vgws": [],
            "route": [
              {
                "carrier_gateway_id": "",
                "cidr_block": "0.0.0.0/0",
                "core_network_arn": "",
                "destination_prefix_list_id": "",
                "egress_only_gateway_id": "",
                "gateway_id": "igw-0a4c05cf73f17674c",
                "ipv6_cidr_block": "",
                "local_gateway_id": "",
                "nat_gateway_id": "",
                "network_interface_id": "",
                "transit_gateway_id": "",
                "vpc_endpoint_id": "",
                "vpc_peering_connection_id": ""
              }
            ],
            "tags": {
              "Name": "public-route-table"
            },
            "tags_all": {
              "Name": "public-route-table"
            },
            "timeouts": null,
            "vpc_id": "vpc-0ca5cade07eb57388"
          },
          "sensitive_attributes": [],
          "private": "eyJlMmJmYjczMC1lY2FhLTExZTYtOGY4OC0zNDM2M2JjN2M0YzAiOnsiY3JlYXRlIjozMDAwMDAwMDAwMDAsImRlbGV0ZSI6MzAwMDAwMDAwMDAwLCJ1cGRhdGUiOjEyMDAwMDAwMDAwMH19",
          "dependencies": [
            "aws_internet_gateway.main",
            "aws_vpc.main"
          ]
        }
      ]
    },
    {
      "mode": "managed",
      "type": "aws_route_table_association",
      "name": "private_assoc_1",
      "provider": "provider[\"registry.terraform.io/hashicorp/aws\"]",
      "instances": [
        {
          "schema_version": 0,
          "attributes": {
            "gateway_id": "",
            "id": "rtbassoc-025a4660448a70297",
            "route_table_id": "rtb-09e0291b022c73f96",
            "subnet_id": "subnet-0085559365d9f5b47",
            "timeouts": null
          },
          "sensitive_attributes": [],
          "private": "eyJlMmJmYjczMC1lY2FhLTExZTYtOGY4OC0zNDM2M2JjN2M0YzAiOnsiY3JlYXRlIjozMDAwMDAwMDAwMDAsImRlbGV0ZSI6MzAwMDAwMDAwMDAwLCJ1cGRhdGUiOjEyMDAwMDAwMDAwMH19",
          "dependencies": [
            "aws_eip.nat",
            "aws_nat_gateway.main",
            "aws_route_table.private",
            "aws_subnet.private_1",
            "aws_subnet.public",
            "aws_vpc.main"
          ]
        }
      ]
    },
    {
      "mode": "managed",
      "type": "aws_route_table_association",
      "name": "private_assoc_2",
      "provider": "provider[\"registry.terraform.io/hashicorp/aws\"]",
      "instances": [
        {
          "schema_version": 0,
          "attributes": {
            "gateway_id": "",
            "id": "rtbassoc-0437992be4baf9c00",
            "route_table_id": "rtb-09e0291b022c73f96",
            "subnet_id": "subnet-0f3b74fa775887c26",
            "timeouts": null
          },
          "sensitive_attributes": [],
          "private": "eyJlMmJmYjczMC1lY2FhLTExZTYtOGY4OC0zNDM2M2JjN2M0YzAiOnsiY3JlYXRlIjozMDAwMDAwMDAwMDAsImRlbGV0ZSI6MzAwMDAwMDAwMDAwLCJ1cGRhdGUiOjEyMDAwMDAwMDAwMH19",
          "dependencies": [
            "aws_eip.nat",
            "aws_nat_gateway.main",
            "aws_route_table.private",
            "aws_subnet.private_2",
            "aws_subnet.public",
            "aws_vpc.main"
          ]
        }
      ]
    },
    {
      "mode": "managed",
      "type": "aws_route_table_association",
      "name": "public_assoc",
      "provider": "provider[\"registry.terraform.io/hashicorp/aws\"]",
      "instances": [
        {
          "schema_version": 0,
          "attributes": {
            "gateway_id": "",
            "id": "rtbassoc-0e0ae4a4f26bf654d",
            "route_table_id": "rtb-083ec79575ea35bc9",
            "subnet_id": "subnet-0d3571953b377cba1",
            "timeouts": null
          },
          "sensitive_attributes": [],
          "private": "eyJlMmJmYjczMC1lY2FhLTExZTYtOGY4OC0zNDM2M2JjN2M0YzAiOnsiY3JlYXRlIjozMDAwMDAwMDAwMDAsImRlbGV0ZSI6MzAwMDAwMDAwMDAwLCJ1cGRhdGUiOjEyMDAwMDAwMDAwMH19",
          "dependencies": [
            "aws_internet_gateway.main",
            "aws_route_table.public",
            "aws_subnet.public",
            "aws_vpc.main"
          ]
        }
      ]
    },
    {
      "mode": "managed",
      "type": "aws_route_table_association",
      "name": "public_assoc1",
      "provider": "provider[\"registry.terraform.io/hashicorp/aws\"]",
      "instances": [
        {
          "schema_version": 0,
          "attributes": {
            "gateway_id": "",
            "id": "rtbassoc-033b67cca1354ff5f",
            "route_table_id": "rtb-083ec79575ea35bc9",
            "subnet_id": "subnet-00126255caaafbccc",
            "timeouts": null
          },
          "sensitive_attributes": [],
          "private": "eyJlMmJmYjczMC1lY2FhLTExZTYtOGY4OC0zNDM2M2JjN2M0YzAiOnsiY3JlYXRlIjozMDAwMDAwMDAwMDAsImRlbGV0ZSI6MzAwMDAwMDAwMDAwLCJ1cGRhdGUiOjEyMDAwMDAwMDAwMH19",
          "dependencies": [
            "aws_internet_gateway.main",
            "aws_route_table.public",
            "aws_subnet.public2",
            "aws_vpc.main"
          ]
        }
      ]
    },
    {
      "mode": "managed",
      "type": "aws_security_group",
      "name": "efs_sg",
      "provider": "provider[\"registry.terraform.io/hashicorp/aws\"]",
      "instances": [
        {
          "schema_version": 1,
          "attributes": {
            "arn": "arn:aws:ec2:eu-central-1:060795902685:security-group/sg-07015b9f2f9aade70",
            "description": "Managed by Terraform",
            "egress": [
              {
                "cidr_blocks": [
                  "0.0.0.0/0"
                ],
                "description": "",
                "from_port": 0,
                "ipv6_cidr_blocks": [],
                "prefix_list_ids": [],
                "protocol": "-1",
                "security_groups": [],
                "self": false,
                "to_port": 0
              }
            ],
            "id": "sg-07015b9f2f9aade70",
            "ingress": [
              {
                "cidr_blocks": [
                  "10.0.2.0/24",
                  "10.0.3.0/24"
                ],
                "description": "",
                "from_port": 2049,
                "ipv6_cidr_blocks": [],
                "prefix_list_ids": [],
                "protocol": "tcp",
                "security_groups": [],
                "self": false,
                "to_port": 2049
              }
            ],
            "name": "efs-sg",
            "name_prefix": "",
            "owner_id": "060795902685",
            "revoke_rules_on_delete": false,
            "tags": {
              "Name": "efs-sg"
            },
            "tags_all": {
              "Name": "efs-sg"
            },
            "timeouts": null,
            "vpc_id": "vpc-0ca5cade07eb57388"
          },
          "sensitive_attributes": [],
          "private": "eyJlMmJmYjczMC1lY2FhLTExZTYtOGY4OC0zNDM2M2JjN2M0YzAiOnsiY3JlYXRlIjo2MDAwMDAwMDAwMDAsImRlbGV0ZSI6OTAwMDAwMDAwMDAwfSwic2NoZW1hX3ZlcnNpb24iOiIxIn0=",
          "dependencies": [
            "aws_vpc.main"
          ]
        }
      ]
    },
    {
      "mode": "managed",
      "type": "aws_security_group",
      "name": "private_sg",
      "provider": "provider[\"registry.terraform.io/hashicorp/aws\"]",
      "instances": [
        {
          "schema_version": 1,
          "attributes": {
            "arn": "arn:aws:ec2:eu-central-1:060795902685:security-group/sg-00e4d52b904b3cb96",
            "description": "Managed by Terraform",
            "egress": [
              {
                "cidr_blocks": [
                  "0.0.0.0/0"
                ],
                "description": "",
                "from_port": 0,
                "ipv6_cidr_blocks": [],
                "prefix_list_ids": [],
                "protocol": "-1",
                "security_groups": [],
                "self": false,
                "to_port": 0
              }
            ],
            "id": "sg-00e4d52b904b3cb96",
            "ingress": [
              {
                "cidr_blocks": [
                  "10.0.0.0/16"
                ],
                "description": "",
                "from_port": 0,
                "ipv6_cidr_blocks": [],
                "prefix_list_ids": [],
                "protocol": "-1",
                "security_groups": [],
                "self": false,
                "to_port": 0
              }
            ],
            "name": "terraform-20241105232636156600000001",
            "name_prefix": "terraform-",
            "owner_id": "060795902685",
            "revoke_rules_on_delete": false,
            "tags": {
              "Name": "private-sg"
            },
            "tags_all": {
              "Name": "private-sg"
            },
            "timeouts": null,
            "vpc_id": "vpc-0ca5cade07eb57388"
          },
          "sensitive_attributes": [],
          "private": "eyJlMmJmYjczMC1lY2FhLTExZTYtOGY4OC0zNDM2M2JjN2M0YzAiOnsiY3JlYXRlIjo2MDAwMDAwMDAwMDAsImRlbGV0ZSI6OTAwMDAwMDAwMDAwfSwic2NoZW1hX3ZlcnNpb24iOiIxIn0=",
          "dependencies": [
            "aws_vpc.main"
          ]
        }
      ]
    },
    {
      "mode": "managed",
      "type": "aws_security_group",
      "name": "public_sg",
      "provider": "provider[\"registry.terraform.io/hashicorp/aws\"]",
      "instances": [
        {
          "schema_version": 1,
          "attributes": {
            "arn": "arn:aws:ec2:eu-central-1:060795902685:security-group/sg-08194f9ba71424348",
            "description": "Managed by Terraform",
            "egress": [
              {
                "cidr_blocks": [
                  "0.0.0.0/0"
                ],
                "description": "",
                "from_port": 0,
                "ipv6_cidr_blocks": [],
                "prefix_list_ids": [],
                "protocol": "-1",
                "security_groups": [],
                "self": false,
                "to_port": 0
              }
            ],
            "id": "sg-08194f9ba71424348",
            "ingress": [
              {
                "cidr_blocks": [
                  "0.0.0.0/0"
                ],
                "description": "",
                "from_port": 22,
                "ipv6_cidr_blocks": [],
                "prefix_list_ids": [],
                "protocol": "tcp",
                "security_groups": [],
                "self": false,
                "to_port": 22
              },
              {
                "cidr_blocks": [
                  "0.0.0.0/0"
                ],
                "description": "",
                "from_port": 80,
                "ipv6_cidr_blocks": [],
                "prefix_list_ids": [],
                "protocol": "tcp",
                "security_groups": [],
                "self": false,
                "to_port": 80
              }
            ],
            "name": "terraform-20241105232636187900000002",
            "name_prefix": "terraform-",
            "owner_id": "060795902685",
            "revoke_rules_on_delete": false,
            "tags": {
              "Name": "public-sg"
            },
            "tags_all": {
              "Name": "public-sg"
            },
            "timeouts": null,
            "vpc_id": "vpc-0ca5cade07eb57388"
          },
          "sensitive_attributes": [],
          "private": "eyJlMmJmYjczMC1lY2FhLTExZTYtOGY4OC0zNDM2M2JjN2M0YzAiOnsiY3JlYXRlIjo2MDAwMDAwMDAwMDAsImRlbGV0ZSI6OTAwMDAwMDAwMDAwfSwic2NoZW1hX3ZlcnNpb24iOiIxIn0=",
          "dependencies": [
            "aws_vpc.main"
          ]
        }
      ]
    },
    {
      "mode": "managed",
      "type": "aws_subnet",
      "name": "private_1",
      "provider": "provider[\"registry.terraform.io/hashicorp/aws\"]",
      "instances": [
        {
          "schema_version": 1,
          "attributes": {
            "arn": "arn:aws:ec2:eu-central-1:060795902685:subnet/subnet-0085559365d9f5b47",
            "assign_ipv6_address_on_creation": false,
            "availability_zone": "eu-central-1a",
            "availability_zone_id": "euc1-az2",
            "cidr_block": "10.0.2.0/24",
            "customer_owned_ipv4_pool": "",
            "enable_dns64": false,
            "enable_lni_at_device_index": 0,
            "enable_resource_name_dns_a_record_on_launch": false,
            "enable_resource_name_dns_aaaa_record_on_launch": false,
            "id": "subnet-0085559365d9f5b47",
            "ipv6_cidr_block": "",
            "ipv6_cidr_block_association_id": "",
            "ipv6_native": false,
            "map_customer_owned_ip_on_launch": false,
            "map_public_ip_on_launch": false,
            "outpost_arn": "",
            "owner_id": "060795902685",
            "private_dns_hostname_type_on_launch": "ip-name",
            "tags": {
              "Name": "private-subnet-1"
            },
            "tags_all": {
              "Name": "private-subnet-1"
            },
            "timeouts": null,
            "vpc_id": "vpc-0ca5cade07eb57388"
          },
          "sensitive_attributes": [],
          "private": "eyJlMmJmYjczMC1lY2FhLTExZTYtOGY4OC0zNDM2M2JjN2M0YzAiOnsiY3JlYXRlIjo2MDAwMDAwMDAwMDAsImRlbGV0ZSI6MTIwMDAwMDAwMDAwMH0sInNjaGVtYV92ZXJzaW9uIjoiMSJ9",
          "dependencies": [
            "aws_vpc.main"
          ]
        }
      ]
    },
    {
      "mode": "managed",
      "type": "aws_subnet",
      "name": "private_2",
      "provider": "provider[\"registry.terraform.io/hashicorp/aws\"]",
      "instances": [
        {
          "schema_version": 1,
          "attributes": {
            "arn": "arn:aws:ec2:eu-central-1:060795902685:subnet/subnet-0f3b74fa775887c26",
            "assign_ipv6_address_on_creation": false,
            "availability_zone": "eu-central-1b",
            "availability_zone_id": "euc1-az3",
            "cidr_block": "10.0.3.0/24",
            "customer_owned_ipv4_pool": "",
            "enable_dns64": false,
            "enable_lni_at_device_index": 0,
            "enable_resource_name_dns_a_record_on_launch": false,
            "enable_resource_name_dns_aaaa_record_on_launch": false,
            "id": "subnet-0f3b74fa775887c26",
            "ipv6_cidr_block": "",
            "ipv6_cidr_block_association_id": "",
            "ipv6_native": false,
            "map_customer_owned_ip_on_launch": false,
            "map_public_ip_on_launch": false,
            "outpost_arn": "",
            "owner_id": "060795902685",
            "private_dns_hostname_type_on_launch": "ip-name",
            "tags": {
              "Name": "private-subnet-2"
            },
            "tags_all": {
              "Name": "private-subnet-2"
            },
            "timeouts": null,
            "vpc_id": "vpc-0ca5cade07eb57388"
          },
          "sensitive_attributes": [],
          "private": "eyJlMmJmYjczMC1lY2FhLTExZTYtOGY4OC0zNDM2M2JjN2M0YzAiOnsiY3JlYXRlIjo2MDAwMDAwMDAwMDAsImRlbGV0ZSI6MTIwMDAwMDAwMDAwMH0sInNjaGVtYV92ZXJzaW9uIjoiMSJ9",
          "dependencies": [
            "aws_vpc.main"
          ]
        }
      ]
    },
    {
      "mode": "managed",
      "type": "aws_subnet",
      "name": "public",
      "provider": "provider[\"registry.terraform.io/hashicorp/aws\"]",
      "instances": [
        {
          "schema_version": 1,
          "attributes": {
            "arn": "arn:aws:ec2:eu-central-1:060795902685:subnet/subnet-0d3571953b377cba1",
            "assign_ipv6_address_on_creation": false,
            "availability_zone": "eu-central-1a",
            "availability_zone_id": "euc1-az2",
            "cidr_block": "10.0.1.0/24",
            "customer_owned_ipv4_pool": "",
            "enable_dns64": false,
            "enable_lni_at_device_index": 0,
            "enable_resource_name_dns_a_record_on_launch": false,
            "enable_resource_name_dns_aaaa_record_on_launch": false,
            "id": "subnet-0d3571953b377cba1",
            "ipv6_cidr_block": "",
            "ipv6_cidr_block_association_id": "",
            "ipv6_native": false,
            "map_customer_owned_ip_on_launch": false,
            "map_public_ip_on_launch": true,
            "outpost_arn": "",
            "owner_id": "060795902685",
            "private_dns_hostname_type_on_launch": "ip-name",
            "tags": {
              "Name": "public-subnet"
            },
            "tags_all": {
              "Name": "public-subnet"
            },
            "timeouts": null,
            "vpc_id": "vpc-0ca5cade07eb57388"
          },
          "sensitive_attributes": [],
          "private": "eyJlMmJmYjczMC1lY2FhLTExZTYtOGY4OC0zNDM2M2JjN2M0YzAiOnsiY3JlYXRlIjo2MDAwMDAwMDAwMDAsImRlbGV0ZSI6MTIwMDAwMDAwMDAwMH0sInNjaGVtYV92ZXJzaW9uIjoiMSJ9",
          "dependencies": [
            "aws_vpc.main"
          ]
        }
      ]
    },
    {
      "mode": "managed",
      "type": "aws_subnet",
      "name": "public2",
      "provider": "provider[\"registry.terraform.io/hashicorp/aws\"]",
      "instances": [
        {
          "schema_version": 1,
          "attributes": {
            "arn": "arn:aws:ec2:eu-central-1:060795902685:subnet/subnet-00126255caaafbccc",
            "assign_ipv6_address_on_creation": false,
            "availability_zone": "eu-central-1b",
            "availability_zone_id": "euc1-az3",
            "cidr_block": "10.0.4.0/24",
            "customer_owned_ipv4_pool": "",
            "enable_dns64": false,
            "enable_lni_at_device_index": 0,
            "enable_resource_name_dns_a_record_on_launch": false,
            "enable_resource_name_dns_aaaa_record_on_launch": false,
            "id": "subnet-00126255caaafbccc",
            "ipv6_cidr_block": "",
            "ipv6_cidr_block_association_id": "",
            "ipv6_native": false,
            "map_customer_owned_ip_on_launch": false,
            "map_public_ip_on_launch": true,
            "outpost_arn": "",
            "owner_id": "060795902685",
            "private_dns_hostname_type_on_launch": "ip-name",
            "tags": {
              "Name": "public-subnet"
            },
            "tags_all": {
              "Name": "public-subnet"
            },
            "timeouts": null,
            "vpc_id": "vpc-0ca5cade07eb57388"
          },
          "sensitive_attributes": [],
          "private": "eyJlMmJmYjczMC1lY2FhLTExZTYtOGY4OC0zNDM2M2JjN2M0YzAiOnsiY3JlYXRlIjo2MDAwMDAwMDAwMDAsImRlbGV0ZSI6MTIwMDAwMDAwMDAwMH0sInNjaGVtYV92ZXJzaW9uIjoiMSJ9",
          "dependencies": [
            "aws_vpc.main"
          ]
        }
      ]
    },
    {
      "mode": "managed",
      "type": "aws_vpc",
      "name": "main",
      "provider": "provider[\"registry.terraform.io/hashicorp/aws\"]",
      "instances": [
        {
          "schema_version": 1,
          "attributes": {
            "arn": "arn:aws:ec2:eu-central-1:060795902685:vpc/vpc-0ca5cade07eb57388",
            "assign_generated_ipv6_cidr_block": false,
            "cidr_block": "10.0.0.0/16",
            "default_network_acl_id": "acl-06c38d9df51fcbe72",
            "default_route_table_id": "rtb-0874aff828eae0a68",
            "default_security_group_id": "sg-06f77ebd076b05fb1",
            "dhcp_options_id": "dopt-08ea1910f4c288ee3",
            "enable_dns_hostnames": false,
            "enable_dns_support": true,
            "enable_network_address_usage_metrics": false,
            "id": "vpc-0ca5cade07eb57388",
            "instance_tenancy": "default",
            "ipv4_ipam_pool_id": null,
            "ipv4_netmask_length": null,
            "ipv6_association_id": "",
            "ipv6_cidr_block": "",
            "ipv6_cidr_block_network_border_group": "",
            "ipv6_ipam_pool_id": "",
            "ipv6_netmask_length": 0,
            "main_route_table_id": "rtb-0874aff828eae0a68",
            "owner_id": "060795902685",
            "tags": {
              "Name": "main-vpc"
            },
            "tags_all": {
              "Name": "main-vpc"
            }
          },
          "sensitive_attributes": [],
          "private": "eyJzY2hlbWFfdmVyc2lvbiI6IjEifQ=="
        }
      ]
    },
    {
      "mode": "managed",
      "type": "tls_private_key",
      "name": "key",
      "provider": "provider[\"registry.terraform.io/hashicorp/tls\"]",
      "instances": [
        {
          "schema_version": 1,
          "attributes": {
            "algorithm": "RSA",
            "ecdsa_curve": "P224",
            "id": "266ffaa2eeb0f56ceb415c49260d79dd11a56f1b",
            "private_key_openssh": "-----BEGIN OPENSSH PRIVATE KEY-----\nb3BlbnNzaC1rZXktdjEAAAAABG5vbmUAAAAEbm9uZQAAAAAAAAABAAABFwAAAAdz\nc2gtcnNhAAAAAwEAAQAAAQEA1MQuiYG36zyO5ig+HURF56dWtp0LJSb9bNGnL/tC\n4zQs1Pqc78ANNzqywpiINvPO2wN8z3Aakf+dBtfNfwWXQQai3XtgGY9TQZKyyFoQ\nIeOeG0A0s/8IrNV8BzN542Lwu/JBwOd3XvA3aO9rLtinova78/VDTlrW0SOwRTTS\nyu7Psza51ZkpITzK7Oc6eZWYczOv+C6OJB0rrfoXGycbSyg6qT4sg9HOaN4oNy+B\naA4xEhb0w1ysBB3XSRx840EeFdHdlVK+suidpccblQl75aRJiPQmWtHzN3Js79xi\nkgGSXqoiTmQEL+AZQpf+aZlvDlluHqWl71/m6f+6/hAcNwAAA7hyV28lcldvJQAA\nAAdzc2gtcnNhAAABAQDUxC6JgbfrPI7mKD4dREXnp1a2nQslJv1s0acv+0LjNCzU\n+pzvwA03OrLCmIg2887bA3zPcBqR/50G181/BZdBBqLde2AZj1NBkrLIWhAh454b\nQDSz/wis1XwHM3njYvC78kHA53de8Ddo72su2Kei9rvz9UNOWtbRI7BFNNLK7s+z\nNrnVmSkhPMrs5zp5lZhzM6/4Lo4kHSut+hcbJxtLKDqpPiyD0c5o3ig3L4FoDjES\nFvTDXKwEHddJHHzjQR4V0d2VUr6y6J2lxxuVCXvlpEmI9CZa0fM3cmzv3GKSAZJe\nqiJOZAQv4BlCl/5pmW8OWW4epaXvX+bp/7r+EBw3AAAAAwEAAQAAAQEAzNrG4+Zd\nqsR34epFQ/CETfK0bsbuACt2PdvuWShW0mNd9wIFMGF9V/vQOcSbAi3ksMK+3QtW\nydOO4RPO68n6Q8Wb8hvj/zgcNTqFoJn2hmqdxCchl1yqgZ5a+KP7a4/LsWojHRS/\nvk0TTJmYXVaEsUdW2CEBWOPliSAPi9K8Ul2x/K9ITPY3vgrBREjzh4KqGYbWMxgx\nMeHaYoHD37tdPdn990wHnKOmDKHNwtL+JgiamPJprpEGw5qHQ1hTnQ6UosNeovrd\nLVhUAksKxSOymRaHR+2yxt1jQOp+nAWQd9cPTiffkNHGQbol3rG5oq9SBTrn7yx5\nKPV/TMos3jx4oQAAAIBVaKp8x89Skl7+qjLE2AQtDO/K6T/Q4r5ib6cLOw7pp4vs\nnno5UiHsZv8ioUn0wbfcavJTOR/hV/khGzxEO+y82kcpwnrZZe2YLHoeaUkKCpr3\n4cCiXiiSXkWRE7rEUesPmkrxGWnuf71MjYT5S9sG0N4Y3KtOg0VwBDZDN4u3UQAA\nAIEA/SzKT3bzNA7lvDH+O1fxy6K0NbMW0o+h67akiCDZaCajkeCmpCd/dmJ0OYL4\nrzK4yPkNRTwxVaoGEj7VTHp2XLL0AmCD6iWGhO1yuiuzFv9kojWMm+N6I2LDWPYb\nMdf8l1it2UzN3q8DE1cetbI93wt3UIoIFbWqMTt/9YkNCY0AAACBANcj9jixtdNd\nVjNDgp0UJTJ/56XJPtuXACyORa17D6vusT0rSKbZyPHmWPKxjLaNIh94ZAR2ZQHI\nv22L2IRWBfccwr/eUlv50GDDPSMs8TqCFWTUMANhWmZWjRkcF8QOjdpNaL9fN8RY\n2/QlgeqGq04bNKGa1EiWmwNjpgwEAnHTAAAAAAEC\n-----END OPENSSH PRIVATE KEY-----\n",
            "private_key_pem": "-----BEGIN RSA PRIVATE KEY-----\nMIIEowIBAAKCAQEA1MQuiYG36zyO5ig+HURF56dWtp0LJSb9bNGnL/tC4zQs1Pqc\n78ANNzqywpiINvPO2wN8z3Aakf+dBtfNfwWXQQai3XtgGY9TQZKyyFoQIeOeG0A0\ns/8IrNV8BzN542Lwu/JBwOd3XvA3aO9rLtinova78/VDTlrW0SOwRTTSyu7Psza5\n1ZkpITzK7Oc6eZWYczOv+C6OJB0rrfoXGycbSyg6qT4sg9HOaN4oNy+BaA4xEhb0\nw1ysBB3XSRx840EeFdHdlVK+suidpccblQl75aRJiPQmWtHzN3Js79xikgGSXqoi\nTmQEL+AZQpf+aZlvDlluHqWl71/m6f+6/hAcNwIDAQABAoIBAQDM2sbj5l2qxHfh\n6kVD8IRN8rRuxu4AK3Y92+5ZKFbSY133AgUwYX1X+9A5xJsCLeSwwr7dC1bJ047h\nE87ryfpDxZvyG+P/OBw1OoWgmfaGap3EJyGXXKqBnlr4o/trj8uxaiMdFL++TRNM\nmZhdVoSxR1bYIQFY4+WJIA+L0rxSXbH8r0hM9je+CsFESPOHgqoZhtYzGDEx4dpi\ngcPfu1092f33TAeco6YMoc3C0v4mCJqY8mmukQbDmodDWFOdDpSiw16i+t0tWFQC\nSwrFI7KZFodH7bLG3WNA6n6cBZB31w9OJ9+Q0cZBuiXesbmir1IFOufvLHko9X9M\nyizePHihAoGBAP0syk928zQO5bwx/jtX8cuitDWzFtKPoeu2pIgg2Wgmo5HgpqQn\nf3ZidDmC+K8yuMj5DUU8MVWqBhI+1Ux6dlyy9AJgg+olhoTtcrorsxb/ZKI1jJvj\neiNiw1j2GzHX/JdYrdlMzd6vAxNXHrWyPd8Ld1CKCBW1qjE7f/WJDQmNAoGBANcj\n9jixtdNdVjNDgp0UJTJ/56XJPtuXACyORa17D6vusT0rSKbZyPHmWPKxjLaNIh94\nZAR2ZQHIv22L2IRWBfccwr/eUlv50GDDPSMs8TqCFWTUMANhWmZWjRkcF8QOjdpN\naL9fN8RY2/QlgeqGq04bNKGa1EiWmwNjpgwEAnHTAoGAdHbaSlvp3RTNUhmdXidC\nr+6U/+72nL4+OnS2k3ipCmRb8otpnTIeTJNV6+73/4BRyQHovOTHvSSNzm7hKGFd\neZ9I6J8Fj/zbOOMSV9oqdHXgEU6Y9E1crlKMkqwELpWxON4uezv9qGbR/1+gXO01\n0RkxNfeJaJM9S5CXeJgnSzECgYBtJciIMNifeC4AahK84HiSq0N536StQWmMMU32\nWoWz47A16Vy9kaYZ25Rq5FsQTn/uWWTcwrgx9Ifx6s4ZLY9vND81mnRMR2xJeyPs\nUaO83DxAYEpPnLeBTg3dnFwOUpfzFey7knI3giFtNw43TsVgJftItcVXYlkYmhim\n5e3bkwKBgFVoqnzHz1KSXv6qMsTYBC0M78rpP9DivmJvpws7Dumni+yeejlSIexm\n/yKhSfTBt9xq8lM5H+FX+SEbPEQ77LzaRynCetll7Zgseh5pSQoKmvfhwKJeKJJe\nRZETusRR6w+aSvEZae5/vUyNhPlL2wbQ3hjcq06DRXAENkM3i7dR\n-----END RSA PRIVATE KEY-----\n",
            "private_key_pem_pkcs8": "-----BEGIN PRIVATE KEY-----\nMIIEvQIBADANBgkqhkiG9w0BAQEFAASCBKcwggSjAgEAAoIBAQDUxC6JgbfrPI7m\nKD4dREXnp1a2nQslJv1s0acv+0LjNCzU+pzvwA03OrLCmIg2887bA3zPcBqR/50G\n181/BZdBBqLde2AZj1NBkrLIWhAh454bQDSz/wis1XwHM3njYvC78kHA53de8Ddo\n72su2Kei9rvz9UNOWtbRI7BFNNLK7s+zNrnVmSkhPMrs5zp5lZhzM6/4Lo4kHSut\n+hcbJxtLKDqpPiyD0c5o3ig3L4FoDjESFvTDXKwEHddJHHzjQR4V0d2VUr6y6J2l\nxxuVCXvlpEmI9CZa0fM3cmzv3GKSAZJeqiJOZAQv4BlCl/5pmW8OWW4epaXvX+bp\n/7r+EBw3AgMBAAECggEBAMzaxuPmXarEd+HqRUPwhE3ytG7G7gArdj3b7lkoVtJj\nXfcCBTBhfVf70DnEmwIt5LDCvt0LVsnTjuETzuvJ+kPFm/Ib4/84HDU6haCZ9oZq\nncQnIZdcqoGeWvij+2uPy7FqIx0Uv75NE0yZmF1WhLFHVtghAVjj5YkgD4vSvFJd\nsfyvSEz2N74KwURI84eCqhmG1jMYMTHh2mKBw9+7XT3Z/fdMB5yjpgyhzcLS/iYI\nmpjyaa6RBsOah0NYU50OlKLDXqL63S1YVAJLCsUjspkWh0ftssbdY0DqfpwFkHfX\nD04n35DRxkG6Jd6xuaKvUgU65+8seSj1f0zKLN48eKECgYEA/SzKT3bzNA7lvDH+\nO1fxy6K0NbMW0o+h67akiCDZaCajkeCmpCd/dmJ0OYL4rzK4yPkNRTwxVaoGEj7V\nTHp2XLL0AmCD6iWGhO1yuiuzFv9kojWMm+N6I2LDWPYbMdf8l1it2UzN3q8DE1ce\ntbI93wt3UIoIFbWqMTt/9YkNCY0CgYEA1yP2OLG1011WM0OCnRQlMn/npck+25cA\nLI5FrXsPq+6xPStIptnI8eZY8rGMto0iH3hkBHZlAci/bYvYhFYF9xzCv95SW/nQ\nYMM9IyzxOoIVZNQwA2FaZlaNGRwXxA6N2k1ov183xFjb9CWB6oarThs0oZrUSJab\nA2OmDAQCcdMCgYB0dtpKW+ndFM1SGZ1eJ0Kv7pT/7vacvj46dLaTeKkKZFvyi2md\nMh5Mk1Xr7vf/gFHJAei85Me9JI3ObuEoYV15n0jonwWP/Ns44xJX2ip0deARTpj0\nTVyuUoySrAQulbE43i57O/2oZtH/X6Bc7TXRGTE194lokz1LkJd4mCdLMQKBgG0l\nyIgw2J94LgBqErzgeJKrQ3nfpK1BaYwxTfZahbPjsDXpXL2RphnblGrkWxBOf+5Z\nZNzCuDH0h/Hqzhktj280PzWadExHbEl7I+xRo7zcPEBgSk+ct4FODd2cXA5Sl/MV\n7LuScjeCIW03DjdOxWAl+0i1xVdiWRiaGKbl7duTAoGAVWiqfMfPUpJe/qoyxNgE\nLQzvyuk/0OK+Ym+nCzsO6aeL7J56OVIh7Gb/IqFJ9MG33GryUzkf4Vf5IRs8RDvs\nvNpHKcJ62WXtmCx6HmlJCgqa9+HAol4okl5FkRO6xFHrD5pK8Rlp7n+9TI2E+Uvb\nBtDeGNyrToNFcAQ2QzeLt1E=\n-----END PRIVATE KEY-----\n",
            "public_key_fingerprint_md5": "3d:f5:5b:6e:4a:66:f9:ba:65:4e:cc:c7:d2:11:08:c0",
            "public_key_fingerprint_sha256": "SHA256:yJ+1TDAZb/FruNuDypx5V/ohXzSv8Q9emraHoSoEE1U",
            "public_key_openssh": "ssh-rsa AAAAB3NzaC1yc2EAAAADAQABAAABAQDUxC6JgbfrPI7mKD4dREXnp1a2nQslJv1s0acv+0LjNCzU+pzvwA03OrLCmIg2887bA3zPcBqR/50G181/BZdBBqLde2AZj1NBkrLIWhAh454bQDSz/wis1XwHM3njYvC78kHA53de8Ddo72su2Kei9rvz9UNOWtbRI7BFNNLK7s+zNrnVmSkhPMrs5zp5lZhzM6/4Lo4kHSut+hcbJxtLKDqpPiyD0c5o3ig3L4FoDjESFvTDXKwEHddJHHzjQR4V0d2VUr6y6J2lxxuVCXvlpEmI9CZa0fM3cmzv3GKSAZJeqiJOZAQv4BlCl/5pmW8OWW4epaXvX+bp/7r+EBw3\n",
            "public_key_pem": "-----BEGIN PUBLIC KEY-----\nMIIBIjANBgkqhkiG9w0BAQEFAAOCAQ8AMIIBCgKCAQEA1MQuiYG36zyO5ig+HURF\n56dWtp0LJSb9bNGnL/tC4zQs1Pqc78ANNzqywpiINvPO2wN8z3Aakf+dBtfNfwWX\nQQai3XtgGY9TQZKyyFoQIeOeG0A0s/8IrNV8BzN542Lwu/JBwOd3XvA3aO9rLtin\nova78/VDTlrW0SOwRTTSyu7Psza51ZkpITzK7Oc6eZWYczOv+C6OJB0rrfoXGycb\nSyg6qT4sg9HOaN4oNy+BaA4xEhb0w1ysBB3XSRx840EeFdHdlVK+suidpccblQl7\n5aRJiPQmWtHzN3Js79xikgGSXqoiTmQEL+AZQpf+aZlvDlluHqWl71/m6f+6/hAc\nNwIDAQAB\n-----END PUBLIC KEY-----\n",
            "rsa_bits": 2048
          },
          "sensitive_attributes": [
            [
              {
                "type": "get_attr",
                "value": "private_key_pem_pkcs8"
              }
            ],
            [
              {
                "type": "get_attr",
                "value": "private_key_openssh"
              }
            ],
            [
              {
                "type": "get_attr",
                "value": "private_key_pem"
              }
            ]
          ]
        }
      ]
    }
  ],
  "check_results": null
}
